# This file is automatically @generated by Cargo.
# It is not intended for manual editing.
version = 4

[[package]]
name = "lull-core"
version = "0.1.0"
dependencies = [
 "lull-spec",
]

[[package]]
name = "lull-derive"
version = "0.1.0"

[[package]]
name = "lull-engine"
version = "0.1.0"

[[package]]
name = "lull-protocol"
version = "0.1.0"

[[package]]
name = "lull-spec"
version = "0.1.0"
